
Microsoft Visual Studio Solution File, Format Version 12.00
# Visual Studio Version 16
VisualStudioVersion = 16.0.32413.511
MinimumVisualStudioVersion = 10.0.40219.1
Project("{F184B08F-C81C-45F6-A57F-5ABD9991F28F}") = "vb_contract_tracing", "vb_contract_tracing\vb_contract_tracing.vbproj", "{CE415473-08F2-4D3B-8EB1-35D0041D2790}"
EndProject
Global
	GlobalSection(SolutionConfigurationPlatforms) = preSolution
		Debug|Any CPU = Debug|Any CPU
		Release|Any CPU = Release|Any CPU
	EndGlobalSection
	GlobalSection(ProjectConfigurationPlatforms) = postSolution
		{CE415473-08F2-4D3B-8EB1-35D0041D2790}.Debug|Any CPU.ActiveCfg = Debug|Any CPU
		{CE415473-08F2-4D3B-8EB1-35D0041D2790}.Debug|Any CPU.Build.0 = Debug|Any CPU
		{CE415473-08F2-4D3B-8EB1-35D0041D2790}.Release|Any CPU.ActiveCfg = Release|Any CPU
		{CE415473-08F2-4D3B-8EB1-35D0041D2790}.Release|Any CPU.Build.0 = Release|Any CPU
	EndGlobalSection
	GlobalSection(SolutionProperties) = preSolution
		HideSolutionNode = FALSE
	EndGlobalSection
	GlobalSection(ExtensibilityGlobals) = postSolution
		SolutionGuid = {79937AD1-FD01-42E8-84A7-549416D32F37}
	EndGlobalSection
EndGlobal
